# THIS IS AN AUTOGENERATED FILE. DO NOT EDIT THIS FILE DIRECTLY.
# yarn lockfile v1


"@babel/parser@^7.16.4":
  version "7.18.8"
  resolved "https://registry.npmjs.org/@babel/parser/-/parser-7.18.8.tgz"
  integrity sha512-RSKRfYX20dyH+elbJK2uqAkVyucL+xXzhqlMD5/ZXx+dAAwpyB7HsvnHe/ZUGOF+xLr5Wx9/JoXVTj6BQE2/oA==

"@ctrl/tinycolor@^3.4.1":
  version "3.6.0"
  resolved "https://registry.npmjs.org/@ctrl/tinycolor/-/tinycolor-3.6.0.tgz"
  integrity sha512-/Z3l6pXthq0JvMYdUFyX9j0MaCltlIn6mfh9jLyQwg5aPKxkyNa0PTHtU1AlFXLNk55ZuAeJRcpvq+tmLfKmaQ==

"@element-plus/icons-vue@^2.0.6":
  version "2.0.10"
  resolved "https://registry.npmjs.org/@element-plus/icons-vue/-/icons-vue-2.0.10.tgz"
  integrity sha512-ygEZ1mwPjcPo/OulhzLE7mtDrQBWI8vZzEWSNB2W/RNCRjoQGwbaK4N8lV4rid7Ts4qvySU3njMN7YCiSlSaTQ==

"@floating-ui/core@^1.2.1":
  version "1.2.1"
  resolved "https://registry.npmjs.org/@floating-ui/core/-/core-1.2.1.tgz"
  integrity sha512-LSqwPZkK3rYfD7GKoIeExXOyYx6Q1O4iqZWwIehDNuv3Dv425FIAE8PRwtAx1imEolFTHgBEcoFHm9MDnYgPCg==

"@floating-ui/dom@^1.0.1":
  version "1.2.1"
  resolved "https://registry.npmjs.org/@floating-ui/dom/-/dom-1.2.1.tgz"
  integrity sha512-Rt45SmRiV8eU+xXSB9t0uMYiQ/ZWGE/jumse2o3i5RGlyvcbqOF4q+1qBnzLE2kZ5JGhq0iMkcGXUKbFe7MpTA==
  dependencies:
    "@floating-ui/core" "^1.2.1"

"@popperjs/core@npm:@sxzz/popperjs-es@^2.11.7":
  version "2.11.7"
  resolved "https://registry.npmjs.org/@sxzz/popperjs-es/-/popperjs-es-2.11.7.tgz"
  integrity sha512-Ccy0NlLkzr0Ex2FKvh2X+OyERHXJ88XJ1MXtsI9y9fGexlaXaVTPzBCRBwIxFkORuOb+uBqeu+RqnpgYTEZRUQ==

"@types/lodash-es@*", "@types/lodash-es@^4.17.6":
  version "4.17.6"
  resolved "https://registry.npmjs.org/@types/lodash-es/-/lodash-es-4.17.6.tgz"
  integrity sha512-R+zTeVUKDdfoRxpAryaQNRKk3105Rrgx2CFRClIgRGaqDTdjsm8h6IYA8ir584W3ePzkZfst5xIgDwYrlh9HLg==
  dependencies:
    "@types/lodash" "*"

"@types/lodash@*", "@types/lodash@^4.14.182":
  version "4.14.191"
  resolved "https://registry.npmjs.org/@types/lodash/-/lodash-4.14.191.tgz"
  integrity sha512-BdZ5BCCvho3EIXw6wUCXHe7rS53AIDPLE+JzwgT+OsJk53oBfbSmZZ7CX4VaRoN78N+TJpFi9QPlfIVNmJYWxQ==

"@types/web-bluetooth@^0.0.16":
  version "0.0.16"
  resolved "https://registry.npmjs.org/@types/web-bluetooth/-/web-bluetooth-0.0.16.tgz"
  integrity sha512-oh8q2Zc32S6gd/j50GowEjKLoOVOwHP/bWVjKJInBwQqdOYMdPrf1oVlelTlyfFK3CKxL1uahMDAr+vy8T7yMQ==

"@vitejs/plugin-vue@^2.3.3":
  version "2.3.3"
  resolved "https://registry.npmjs.org/@vitejs/plugin-vue/-/plugin-vue-2.3.3.tgz"
  integrity sha512-SmQLDyhz+6lGJhPELsBdzXGc+AcaT8stgkbiTFGpXPe8Tl1tJaBw1A6pxDqDuRsVkD8uscrkx3hA7QDOoKYtyw==

"@volar/code-gen@0.34.17":
  version "0.34.17"
  resolved "https://registry.npmjs.org/@volar/code-gen/-/code-gen-0.34.17.tgz"
  integrity sha512-rHR7BA71BJ/4S7xUOPMPiB7uk6iU9oTWpEMZxFi5VGC9iJmDncE82WzU5iYpcbOBCVHsOjMh0+5CGMgdO6SaPA==
  dependencies:
    "@volar/source-map" "0.34.17"

"@volar/source-map@0.34.17":
  version "0.34.17"
  resolved "https://registry.npmjs.org/@volar/source-map/-/source-map-0.34.17.tgz"
  integrity sha512-3yn1IMXJGGWB/G817/VFlFMi8oh5pmE7VzUqvgMZMrppaZpKj6/juvJIEiXNxRsgWc0RxIO8OSp4htdPUg1Raw==

"@volar/vue-code-gen@0.34.17":
  version "0.34.17"
  resolved "https://registry.npmjs.org/@volar/vue-code-gen/-/vue-code-gen-0.34.17.tgz"
  integrity sha512-17pzcK29fyFWUc+C82J3JYSnA+jy3QNrIldb9kPaP9Itbik05ZjEIyEue9FjhgIAuHeYSn4LDM5s6nGjxyfhsQ==
  dependencies:
    "@volar/code-gen" "0.34.17"
    "@volar/source-map" "0.34.17"
    "@vue/compiler-core" "^3.2.36"
    "@vue/compiler-dom" "^3.2.36"
    "@vue/shared" "^3.2.36"

"@volar/vue-typescript@0.34.17":
  version "0.34.17"
  resolved "https://registry.npmjs.org/@volar/vue-typescript/-/vue-typescript-0.34.17.tgz"
  integrity sha512-U0YSVIBPRWVPmgJHNa4nrfq88+oS+tmyZNxmnfajIw9A/GOGZQiKXHC0k09SVvbYXlsjgJ6NIjhm9NuAhGRQjg==
  dependencies:
    "@volar/code-gen" "0.34.17"
    "@volar/source-map" "0.34.17"
    "@volar/vue-code-gen" "0.34.17"
    "@vue/compiler-sfc" "^3.2.36"
    "@vue/reactivity" "^3.2.36"

"@vue/compiler-core@^3.2.36", "@vue/compiler-core@3.2.37":
  version "3.2.37"
  resolved "https://registry.npmjs.org/@vue/compiler-core/-/compiler-core-3.2.37.tgz"
  integrity sha512-81KhEjo7YAOh0vQJoSmAD68wLfYqJvoiD4ulyedzF+OEk/bk6/hx3fTNVfuzugIIaTrOx4PGx6pAiBRe5e9Zmg==
  dependencies:
    "@babel/parser" "^7.16.4"
    "@vue/shared" "3.2.37"
    estree-walker "^2.0.2"
    source-map "^0.6.1"

"@vue/compiler-dom@^3.2.36", "@vue/compiler-dom@3.2.37":
  version "3.2.37"
  resolved "https://registry.npmjs.org/@vue/compiler-dom/-/compiler-dom-3.2.37.tgz"
  integrity sha512-yxJLH167fucHKxaqXpYk7x8z7mMEnXOw3G2q62FTkmsvNxu4FQSu5+3UMb+L7fjKa26DEzhrmCxAgFLLIzVfqQ==
  dependencies:
    "@vue/compiler-core" "3.2.37"
    "@vue/shared" "3.2.37"

"@vue/compiler-sfc@^3.2.36", "@vue/compiler-sfc@3.2.37":
  version "3.2.37"
  resolved "https://registry.npmjs.org/@vue/compiler-sfc/-/compiler-sfc-3.2.37.tgz"
  integrity sha512-+7i/2+9LYlpqDv+KTtWhOZH+pa8/HnX/905MdVmAcI/mPQOBwkHHIzrsEsucyOIZQYMkXUiTkmZq5am/NyXKkg==
  dependencies:
    "@babel/parser" "^7.16.4"
    "@vue/compiler-core" "3.2.37"
    "@vue/compiler-dom" "3.2.37"
    "@vue/compiler-ssr" "3.2.37"
    "@vue/reactivity-transform" "3.2.37"
    "@vue/shared" "3.2.37"
    estree-walker "^2.0.2"
    magic-string "^0.25.7"
    postcss "^8.1.10"
    source-map "^0.6.1"

"@vue/compiler-ssr@3.2.37":
  version "3.2.37"
  resolved "https://registry.npmjs.org/@vue/compiler-ssr/-/compiler-ssr-3.2.37.tgz"
  integrity sha512-7mQJD7HdXxQjktmsWp/J67lThEIcxLemz1Vb5I6rYJHR5vI+lON3nPGOH3ubmbvYGt8xEUaAr1j7/tIFWiEOqw==
  dependencies:
    "@vue/compiler-dom" "3.2.37"
    "@vue/shared" "3.2.37"

"@vue/devtools-api@^6.4.5":
  version "6.5.0"
  resolved "https://registry.npmjs.org/@vue/devtools-api/-/devtools-api-6.5.0.tgz"
  integrity sha512-o9KfBeaBmCKl10usN4crU53fYtC1r7jJwdGKjPT24t348rHxgfpZ0xL3Xm/gLUYnc0oTp8LAmrxOeLyu6tbk2Q==

"@vue/reactivity-transform@3.2.37":
  version "3.2.37"
  resolved "https://registry.npmjs.org/@vue/reactivity-transform/-/reactivity-transform-3.2.37.tgz"
  integrity sha512-IWopkKEb+8qpu/1eMKVeXrK0NLw9HicGviJzhJDEyfxTR9e1WtpnnbYkJWurX6WwoFP0sz10xQg8yL8lgskAZg==
  dependencies:
    "@babel/parser" "^7.16.4"
    "@vue/compiler-core" "3.2.37"
    "@vue/shared" "3.2.37"
    estree-walker "^2.0.2"
    magic-string "^0.25.7"

"@vue/reactivity@^3.2.36", "@vue/reactivity@3.2.37":
  version "3.2.37"
  resolved "https://registry.npmjs.org/@vue/reactivity/-/reactivity-3.2.37.tgz"
  integrity sha512-/7WRafBOshOc6m3F7plwzPeCu/RCVv9uMpOwa/5PiY1Zz+WLVRWiy0MYKwmg19KBdGtFWsmZ4cD+LOdVPcs52A==
  dependencies:
    "@vue/shared" "3.2.37"

"@vue/runtime-core@3.2.37":
  version "3.2.37"
  resolved "https://registry.npmjs.org/@vue/runtime-core/-/runtime-core-3.2.37.tgz"
  integrity sha512-JPcd9kFyEdXLl/i0ClS7lwgcs0QpUAWj+SKX2ZC3ANKi1U4DOtiEr6cRqFXsPwY5u1L9fAjkinIdB8Rz3FoYNQ==
  dependencies:
    "@vue/reactivity" "3.2.37"
    "@vue/shared" "3.2.37"

"@vue/runtime-dom@3.2.37":
  version "3.2.37"
  resolved "https://registry.npmjs.org/@vue/runtime-dom/-/runtime-dom-3.2.37.tgz"
  integrity sha512-HimKdh9BepShW6YozwRKAYjYQWg9mQn63RGEiSswMbW+ssIht1MILYlVGkAGGQbkhSh31PCdoUcfiu4apXJoPw==
  dependencies:
    "@vue/runtime-core" "3.2.37"
    "@vue/shared" "3.2.37"
    csstype "^2.6.8"

"@vue/server-renderer@3.2.37":
  version "3.2.37"
  resolved "https://registry.npmjs.org/@vue/server-renderer/-/server-renderer-3.2.37.tgz"
  integrity sha512-kLITEJvaYgZQ2h47hIzPh2K3jG8c1zCVbp/o/bzQOyvzaKiCquKS7AaioPI28GNxIsE/zSx+EwWYsNxDCX95MA==
  dependencies:
    "@vue/compiler-ssr" "3.2.37"
    "@vue/shared" "3.2.37"

"@vue/shared@^3.2.36", "@vue/shared@3.2.37":
  version "3.2.37"
  resolved "https://registry.npmjs.org/@vue/shared/-/shared-3.2.37.tgz"
  integrity sha512-4rSJemR2NQIo9Klm1vabqWjD8rs/ZaJSzMxkMNeJS6lHiUjjUeYFbooN19NgFjztubEKh3WlZUeOLVdbbUWHsw==

"@vueuse/core@^9.1.0":
  version "9.13.0"
  resolved "https://registry.npmjs.org/@vueuse/core/-/core-9.13.0.tgz"
  integrity sha512-pujnclbeHWxxPRqXWmdkKV5OX4Wk4YeK7wusHqRwU0Q7EFusHoqNA/aPhB6KCh9hEqJkLAJo7bb0Lh9b+OIVzw==
  dependencies:
    "@types/web-bluetooth" "^0.0.16"
    "@vueuse/metadata" "9.13.0"
    "@vueuse/shared" "9.13.0"
    vue-demi "*"

"@vueuse/metadata@9.13.0":
  version "9.13.0"
  resolved "https://registry.npmjs.org/@vueuse/metadata/-/metadata-9.13.0.tgz"
  integrity sha512-gdU7TKNAUVlXXLbaF+ZCfte8BjRJQWPCa2J55+7/h+yDtzw3vOoGQDRXzI6pyKyo6bXFT5/QoPE4hAknExjRLQ==

"@vueuse/shared@9.13.0":
  version "9.13.0"
  resolved "https://registry.npmjs.org/@vueuse/shared/-/shared-9.13.0.tgz"
  integrity sha512-UrnhU+Cnufu4S6JLCPZnkWh0WwZGUp72ktOF2DFptMlOs3TOdVv8xJN53zhHGARmVOsz5KqOls09+J1NR6sBKw==
  dependencies:
    vue-demi "*"

anymatch@~3.1.2:
  version "3.1.3"
  resolved "https://registry.npmjs.org/anymatch/-/anymatch-3.1.3.tgz"
  integrity sha512-KMReFUr0B4t+D+OBkjR3KYqvocp2XaSzO55UcB6mgQMd3KbcE+mWTyvVV7D/zsdEbNnV6acZUutkiHQXvTr1Rw==
  dependencies:
    normalize-path "^3.0.0"
    picomatch "^2.0.4"

async-validator@^4.2.5:
  version "4.2.5"
  resolved "https://registry.npmjs.org/async-validator/-/async-validator-4.2.5.tgz"
  integrity sha512-7HhHjtERjqlNbZtqNqy2rckN/SpOOlmDliet+lP7k+eKZEjPk3DgyeU9lIXLdeLz0uBbbVp+9Qdow9wJWgwwfg==

binary-extensions@^2.0.0:
  version "2.2.0"
  resolved "https://registry.npmjs.org/binary-extensions/-/binary-extensions-2.2.0.tgz"
  integrity sha512-jDctJ/IVQbZoJykoeHbhXpOlNBqGNcwXJKJog42E5HDPUwQTSdjCHdihjj0DlnheQ7blbT6dHOafNAiS8ooQKA==

braces@~3.0.2:
  version "3.0.2"
  resolved "https://registry.npmjs.org/braces/-/braces-3.0.2.tgz"
  integrity sha512-b8um+L1RzM3WDSzvhm6gIz1yfTbBt6YTlcEKAvsmqCZZFw46z626lVj9j1yEPW33H5H+lBQpZMP1k8l+78Ha0A==
  dependencies:
    fill-range "^7.0.1"

"chokidar@>=3.0.0 <4.0.0":
  version "3.5.3"
  resolved "https://registry.npmjs.org/chokidar/-/chokidar-3.5.3.tgz"
  integrity sha512-Dr3sfKRP6oTcjf2JmUmFJfeVMvXBdegxB0iVQ5eb2V10uFJUCAS8OByZdVAyVb8xXNz3GjjTgj9kLWsZTqE6kw==
  dependencies:
    anymatch "~3.1.2"
    braces "~3.0.2"
    glob-parent "~5.1.2"
    is-binary-path "~2.1.0"
    is-glob "~4.0.1"
    normalize-path "~3.0.0"
    readdirp "~3.6.0"
  optionalDependencies:
    fsevents "~2.3.2"

csstype@^2.6.8:
  version "2.6.20"
  resolved "https://registry.npmjs.org/csstype/-/csstype-2.6.20.tgz"
  integrity sha512-/WwNkdXfckNgw6S5R125rrW8ez139lBHWouiBvX8dfMFtcn6V81REDqnH7+CRpRipfYlyU1CmOnOxrmGcFOjeA==

dayjs@^1.11.3:
  version "1.11.7"
  resolved "https://registry.npmjs.org/dayjs/-/dayjs-1.11.7.tgz"
  integrity sha512-+Yw9U6YO5TQohxLcIkrXBeY73WP3ejHWVvx8XCk3gxvQDCTEmS48ZrSZCKciI7Bhl/uCMyxYtE9UqRILmFphkQ==

element-plus@^2.2.32:
  version "2.2.32"
  resolved "https://registry.npmjs.org/element-plus/-/element-plus-2.2.32.tgz"
  integrity sha512-DTJMhYOy6MApbmh6z/95hPTK5WrBiNHGzV4IN+uEkup1WoimQ+Qyt8RxKdTe/X1LWEJ8YgWv/Cl8P4ocrt5z5g==
  dependencies:
    "@ctrl/tinycolor" "^3.4.1"
    "@element-plus/icons-vue" "^2.0.6"
    "@floating-ui/dom" "^1.0.1"
    "@popperjs/core" "npm:@sxzz/popperjs-es@^2.11.7"
    "@types/lodash" "^4.14.182"
    "@types/lodash-es" "^4.17.6"
    "@vueuse/core" "^9.1.0"
    async-validator "^4.2.5"
    dayjs "^1.11.3"
    escape-html "^1.0.3"
    lodash "^4.17.21"
    lodash-es "^4.17.21"
    lodash-unified "^1.0.2"
    memoize-one "^6.0.0"
    normalize-wheel-es "^1.2.0"

esbuild-windows-64@0.14.48:
  version "0.14.48"
  resolved "https://registry.npmjs.org/esbuild-windows-64/-/esbuild-windows-64-0.14.48.tgz"
  integrity sha512-YmpXjdT1q0b8ictSdGwH3M8VCoqPpK1/UArze3X199w6u8hUx3V8BhAi1WjbsfDYRBanVVtduAhh2sirImtAvA==

esbuild@^0.14.27:
  version "0.14.48"
  resolved "https://registry.npmjs.org/esbuild/-/esbuild-0.14.48.tgz"
  integrity sha512-w6N1Yn5MtqK2U1/WZTX9ZqUVb8IOLZkZ5AdHkT6x3cHDMVsYWC7WPdiLmx19w3i4Rwzy5LqsEMtVihG3e4rFzA==
  optionalDependencies:
    esbuild-android-64 "0.14.48"
    esbuild-android-arm64 "0.14.48"
    esbuild-darwin-64 "0.14.48"
    esbuild-darwin-arm64 "0.14.48"
    esbuild-freebsd-64 "0.14.48"
    esbuild-freebsd-arm64 "0.14.48"
    esbuild-linux-32 "0.14.48"
    esbuild-linux-64 "0.14.48"
    esbuild-linux-arm "0.14.48"
    esbuild-linux-arm64 "0.14.48"
    esbuild-linux-mips64le "0.14.48"
    esbuild-linux-ppc64le "0.14.48"
    esbuild-linux-riscv64 "0.14.48"
    esbuild-linux-s390x "0.14.48"
    esbuild-netbsd-64 "0.14.48"
    esbuild-openbsd-64 "0.14.48"
    esbuild-sunos-64 "0.14.48"
    esbuild-windows-32 "0.14.48"
    esbuild-windows-64 "0.14.48"
    esbuild-windows-arm64 "0.14.48"

escape-html@^1.0.3:
  version "1.0.3"
  resolved "https://registry.npmjs.org/escape-html/-/escape-html-1.0.3.tgz"
  integrity sha512-NiSupZ4OeuGwr68lGIeym/ksIZMJodUGOSCZ/FSnTxcrekbvqrgdUxlJOMpijaKZVjAJrWrGs/6Jy8OMuyj9ow==

estree-walker@^2.0.2:
  version "2.0.2"
  resolved "https://registry.npmjs.org/estree-walker/-/estree-walker-2.0.2.tgz"
  integrity sha512-Rfkk/Mp/DL7JVje3u18FxFujQlTNR2q6QfMSMB7AvCBx91NGj/ba3kCfza0f6dVDbw7YlRf/nDrn7pQrCCyQ/w==

fill-range@^7.0.1:
  version "7.0.1"
  resolved "https://registry.npmjs.org/fill-range/-/fill-range-7.0.1.tgz"
  integrity sha512-qOo9F+dMUmC2Lcb4BbVvnKJxTPjCm+RRpe4gDuGrzkL7mEVl/djYSu2OdQ2Pa302N4oqkSg9ir6jaLWJ2USVpQ==
  dependencies:
    to-regex-range "^5.0.1"

function-bind@^1.1.1:
  version "1.1.1"
  resolved "https://registry.npmjs.org/function-bind/-/function-bind-1.1.1.tgz"
  integrity sha512-yIovAzMX49sF8Yl58fSCWJ5svSLuaibPxXQJFLmBObTuCr0Mf1KiPopGM9NiFjiYBCbfaa2Fh6breQ6ANVTI0A==

glob-parent@~5.1.2:
  version "5.1.2"
  resolved "https://registry.npmjs.org/glob-parent/-/glob-parent-5.1.2.tgz"
  integrity sha512-AOIgSQCepiJYwP3ARnGx+5VnTu2HBYdzbGP45eLw1vr3zB3vZLeyed1sC9hnbcOc9/SrMyM5RPQrkGz4aS9Zow==
  dependencies:
    is-glob "^4.0.1"

has@^1.0.3:
  version "1.0.3"
  resolved "https://registry.npmjs.org/has/-/has-1.0.3.tgz"
  integrity sha512-f2dvO0VU6Oej7RkWJGrehjbzMAjFp5/VKPp5tTpWIV4JHHZK1/BxbFRtf/siA2SWTe09caDmVtYYzWEIbBS4zw==
  dependencies:
    function-bind "^1.1.1"

immutable@^4.0.0:
  version "4.2.4"
  resolved "https://registry.npmjs.org/immutable/-/immutable-4.2.4.tgz"
  integrity sha512-WDxL3Hheb1JkRN3sQkyujNlL/xRjAo3rJtaU5xeufUauG66JdMr32bLj4gF+vWl84DIA3Zxw7tiAjneYzRRw+w==

is-binary-path@~2.1.0:
  version "2.1.0"
  resolved "https://registry.npmjs.org/is-binary-path/-/is-binary-path-2.1.0.tgz"
  integrity sha512-ZMERYes6pDydyuGidse7OsHxtbI7WVeUEozgR/g7rd0xUimYNlvZRE/K2MgZTjWy725IfelLeVcEM97mmtRGXw==
  dependencies:
    binary-extensions "^2.0.0"

is-core-module@^2.9.0:
  version "2.9.0"
  resolved "https://registry.npmjs.org/is-core-module/-/is-core-module-2.9.0.tgz"
  integrity sha512-+5FPy5PnwmO3lvfMb0AsoPaBG+5KHUI0wYFXOtYPnVVVspTFUuMZNfNaNVRt3FZadstu2c8x23vykRW/NBoU6A==
  dependencies:
    has "^1.0.3"

is-extglob@^2.1.1:
  version "2.1.1"
  resolved "https://registry.npmjs.org/is-extglob/-/is-extglob-2.1.1.tgz"
  integrity sha512-SbKbANkN603Vi4jEZv49LeVJMn4yGwsbzZworEoyEiutsN3nJYdbO36zfhGJ6QEDpOZIFkDtnq5JRxmvl3jsoQ==

is-glob@^4.0.1, is-glob@~4.0.1:
  version "4.0.3"
  resolved "https://registry.npmjs.org/is-glob/-/is-glob-4.0.3.tgz"
  integrity sha512-xelSayHH36ZgE7ZWhli7pW34hNbNl8Ojv5KVmkJD4hBdD3th8Tfk9vYasLM+mXWOZhFkgZfxhLSnrwRr4elSSg==
  dependencies:
    is-extglob "^2.1.1"

is-number@^7.0.0:
  version "7.0.0"
  resolved "https://registry.npmjs.org/is-number/-/is-number-7.0.0.tgz"
  integrity sha512-41Cifkg6e8TylSpdtTpeLVMqvSBEVzTttHvERD741+pnZ8ANv0004MRL43QKPDlK9cGvNp6NZWZUBlbGXYxxng==

lodash-es@*, lodash-es@^4.17.21:
  version "4.17.21"
  resolved "https://registry.npmjs.org/lodash-es/-/lodash-es-4.17.21.tgz"
  integrity sha512-mKnC+QJ9pWVzv+C4/U3rRsHapFfHvQFoFB92e52xeyGMcX6/OlIl78je1u8vePzYZSkkogMPJ2yjxxsb89cxyw==

lodash-unified@^1.0.2:
  version "1.0.3"
  resolved "https://registry.npmjs.org/lodash-unified/-/lodash-unified-1.0.3.tgz"
  integrity sha512-WK9qSozxXOD7ZJQlpSqOT+om2ZfcT4yO+03FuzAHD0wF6S0l0090LRPDx3vhTTLZ8cFKpBn+IOcVXK6qOcIlfQ==

lodash@*, lodash@^4.17.21:
  version "4.17.21"
  resolved "https://registry.npmjs.org/lodash/-/lodash-4.17.21.tgz"
  integrity sha512-v2kDEe57lecTulaDIuNTPy3Ry4gLGJ6Z1O3vE1krgXZNrsQ+LFTGHVxVjcXPs17LhbZVGedAJv8XZ1tvj5FvSg==

magic-string@^0.25.7:
  version "0.25.9"
  resolved "https://registry.npmjs.org/magic-string/-/magic-string-0.25.9.tgz"
  integrity sha512-RmF0AsMzgt25qzqqLc1+MbHmhdx0ojF2Fvs4XnOqz2ZOBXzzkEwc/dJQZCYHAn7v1jbVOjAZfK8msRn4BxO4VQ==
  dependencies:
    sourcemap-codec "^1.4.8"

memoize-one@^6.0.0:
  version "6.0.0"
  resolved "https://registry.npmjs.org/memoize-one/-/memoize-one-6.0.0.tgz"
  integrity sha512-rkpe71W0N0c0Xz6QD0eJETuWAJGnJ9afsl1srmwPrI+yBCkge5EycXXbYRyvL29zZVUWQCY7InPRCv3GDXuZNw==

nanoid@^3.3.4:
  version "3.3.4"
  resolved "https://registry.npmjs.org/nanoid/-/nanoid-3.3.4.tgz"
  integrity sha512-MqBkQh/OHTS2egovRtLk45wEyNXwF+cokD+1YPf9u5VfJiRdAiRwB2froX5Co9Rh20xs4siNPm8naNotSD6RBw==

normalize-path@^3.0.0, normalize-path@~3.0.0:
  version "3.0.0"
  resolved "https://registry.npmjs.org/normalize-path/-/normalize-path-3.0.0.tgz"
  integrity sha512-6eZs5Ls3WtCisHWp9S2GUy8dqkpGi4BVSz3GaqiE6ezub0512ESztXUwUB6C6IKbQkY2Pnb/mD4WYojCRwcwLA==

normalize-wheel-es@^1.2.0:
  version "1.2.0"
  resolved "https://registry.npmjs.org/normalize-wheel-es/-/normalize-wheel-es-1.2.0.tgz"
  integrity sha512-Wj7+EJQ8mSuXr2iWfnujrimU35R2W4FAErEyTmJoJ7ucwTn2hOUSsRehMb5RSYkxXGTM7Y9QpvPmp++w5ftoJw==

path-parse@^1.0.7:
  version "1.0.7"
  resolved "https://registry.npmjs.org/path-parse/-/path-parse-1.0.7.tgz"
  integrity sha512-LDJzPVEEEPR+y48z93A0Ed0yXb8pAByGWo/k5YYdYgpY2/2EsOsksJrq7lOHxryrVOn1ejG6oAp8ahvOIQD8sw==

picocolors@^1.0.0:
  version "1.0.0"
  resolved "https://registry.npmjs.org/picocolors/-/picocolors-1.0.0.tgz"
  integrity sha512-1fygroTLlHu66zi26VoTDv8yRgm0Fccecssto+MhsZ0D/DGW2sm8E8AjW7NU5VVTRt5GxbeZ5qBuJr+HyLYkjQ==

picomatch@^2.0.4, picomatch@^2.2.1:
  version "2.3.1"
  resolved "https://registry.npmjs.org/picomatch/-/picomatch-2.3.1.tgz"
  integrity sha512-JU3teHTNjmE2VCGFzuY8EXzCDVwEqB2a8fsIvwaStHhAWJEeVd1o1QD80CU6+ZdEXXSLbSsuLwJjkCBWqRQUVA==

postcss@^8.1.10, postcss@^8.4.13:
  version "8.4.14"
  resolved "https://registry.npmjs.org/postcss/-/postcss-8.4.14.tgz"
  integrity sha512-E398TUmfAYFPBSdzgeieK2Y1+1cpdxJx8yXbK/m57nRhKSmk1GB2tO4lbLBtlkfPQTDKfe4Xqv1ASWPpayPEig==
  dependencies:
    nanoid "^3.3.4"
    picocolors "^1.0.0"
    source-map-js "^1.0.2"

readdirp@~3.6.0:
  version "3.6.0"
  resolved "https://registry.npmjs.org/readdirp/-/readdirp-3.6.0.tgz"
  integrity sha512-hOS089on8RduqdbhvQ5Z37A0ESjsqz6qnRcffsMU3495FuTdqSm+7bhJ29JvIOsBDEEnan5DPu9t3To9VRlMzA==
  dependencies:
    picomatch "^2.2.1"

resolve@^1.22.0:
  version "1.22.1"
  resolved "https://registry.npmjs.org/resolve/-/resolve-1.22.1.tgz"
  integrity sha512-nBpuuYuY5jFsli/JIs1oldw6fOQCBioohqWZg/2hiaOybXOft4lonv85uDOKXdf8rhyK159cxU5cDcK/NKk8zw==
  dependencies:
    is-core-module "^2.9.0"
    path-parse "^1.0.7"
    supports-preserve-symlinks-flag "^1.0.0"

rollup@^2.59.0:
  version "2.76.0"
  resolved "https://registry.npmjs.org/rollup/-/rollup-2.76.0.tgz"
  integrity sha512-9jwRIEY1jOzKLj3nsY/yot41r19ITdQrhs+q3ggNWhr9TQgduHqANvPpS32RNpzGklJu3G1AJfvlZLi/6wFgWA==
  optionalDependencies:
    fsevents "~2.3.2"

sass@*, sass@^1.58.3:
  version "1.58.3"
  resolved "https://registry.npmjs.org/sass/-/sass-1.58.3.tgz"
  integrity sha512-Q7RaEtYf6BflYrQ+buPudKR26/lH+10EmO9bBqbmPh/KeLqv8bjpTNqxe71ocONqXq+jYiCbpPUmQMS+JJPk4A==
  dependencies:
    chokidar ">=3.0.0 <4.0.0"
    immutable "^4.0.0"
    source-map-js ">=0.6.2 <2.0.0"

source-map-js@^1.0.2, "source-map-js@>=0.6.2 <2.0.0":
  version "1.0.2"
  resolved "https://registry.npmjs.org/source-map-js/-/source-map-js-1.0.2.tgz"
  integrity sha512-R0XvVJ9WusLiqTCEiGCmICCMplcCkIwwR11mOSD9CR5u+IXYdiseeEuXCVAjS54zqwkLcPNnmU4OeJ6tUrWhDw==

source-map@^0.6.1:
  version "0.6.1"
  resolved "https://registry.npmjs.org/source-map/-/source-map-0.6.1.tgz"
  integrity sha512-UjgapumWlbMhkBgzT7Ykc5YXUT46F0iKu8SGXq0bcwP5dz/h0Plj6enJqjz1Zbq2l5WaqYnrVbwWOWMyF3F47g==

sourcemap-codec@^1.4.8:
  version "1.4.8"
  resolved "https://registry.npmjs.org/sourcemap-codec/-/sourcemap-codec-1.4.8.tgz"
  integrity sha512-9NykojV5Uih4lgo5So5dtw+f0JgJX30KCNI8gwhz2J9A15wD0Ml6tjHKwf6fTSa6fAdVBdZeNOs9eJ71qCk8vA==

supports-preserve-symlinks-flag@^1.0.0:
  version "1.0.0"
  resolved "https://registry.npmjs.org/supports-preserve-symlinks-flag/-/supports-preserve-symlinks-flag-1.0.0.tgz"
  integrity sha512-ot0WnXS9fgdkgIcePe6RHNk1WA8+muPa6cSjeR3V8K27q9BB1rTE3R1p7Hv0z1ZyAc8s6Vvv8DIyWf681MAt0w==

to-regex-range@^5.0.1:
  version "5.0.1"
  resolved "https://registry.npmjs.org/to-regex-range/-/to-regex-range-5.0.1.tgz"
  integrity sha512-65P7iz6X5yEr1cwcgvQxbbIw7Uk3gOy5dIdtZ4rDveLqhrdJP+Li/Hx6tyK0NEb+2GCyneCMJiGqrADCSNk8sQ==
  dependencies:
    is-number "^7.0.0"

typescript@*, typescript@^4.5.4:
  version "4.7.4"
  resolved "https://registry.npmjs.org/typescript/-/typescript-4.7.4.tgz"
  integrity sha512-C0WQT0gezHuw6AdY1M2jxUO83Rjf0HP7Sk1DtXj6j1EwkQNZrHAg2XPWlq62oqEhYvONq5pkC2Y9oPljWToLmQ==

vform3-builds@^3.0.10:
  version "3.0.10"
  resolved "https://registry.npmjs.org/vform3-builds/-/vform3-builds-3.0.10.tgz"
  integrity sha512-sULNk72Z6NG94X9MMgpBwinaIOYjtl7Bn5jZbV9iZaglSYr2SHm/wpXPAjl8F8OW6SzOOJgIpRek+NvOvN7wsg==

vite@^2.5.10, vite@^2.9.9:
  version "2.9.14"
  resolved "https://registry.npmjs.org/vite/-/vite-2.9.14.tgz"
  integrity sha512-P/UCjSpSMcE54r4mPak55hWAZPlyfS369svib/gpmz8/01L822lMPOJ/RYW6tLCe1RPvMvOsJ17erf55bKp4Hw==
  dependencies:
    esbuild "^0.14.27"
    postcss "^8.4.13"
    resolve "^1.22.0"
    rollup "^2.59.0"
  optionalDependencies:
    fsevents "~2.3.2"

vue-demi@*:
  version "0.13.11"
  resolved "https://registry.npmjs.org/vue-demi/-/vue-demi-0.13.11.tgz"
  integrity sha512-IR8HoEEGM65YY3ZJYAjMlKygDQn25D5ajNFNoKh9RSDMQtlzCxtfQjdQgv9jjK+m3377SsJXY8ysq8kLCZL25A==

vue-router@^4.1.6:
  version "4.1.6"
  resolved "https://registry.npmjs.org/vue-router/-/vue-router-4.1.6.tgz"
  integrity sha512-DYWYwsG6xNPmLq/FmZn8Ip+qrhFEzA14EI12MsMgVxvHFDYvlr4NXpVF5hrRH1wVcDP8fGi5F4rxuJSl8/r+EQ==
  dependencies:
    "@vue/devtools-api" "^6.4.5"

vue-tsc@^0.34.7:
  version "0.34.17"
  resolved "https://registry.npmjs.org/vue-tsc/-/vue-tsc-0.34.17.tgz"
  integrity sha512-jzUXky44ZLHC4daaJag7FQr3idlPYN719/K1eObGljz5KaS2UnVGTU/XSYCd7d6ampYYg4OsyalbHyJIxV0aEQ==
  dependencies:
    "@volar/vue-typescript" "0.34.17"

"vue@^3.0.0-0 || ^2.6.0", vue@^3.2.0, vue@^3.2.25, vue@3.2.37:
  version "3.2.37"
  resolved "https://registry.npmjs.org/vue/-/vue-3.2.37.tgz"
  integrity sha512-bOKEZxrm8Eh+fveCqS1/NkG/n6aMidsI6hahas7pa0w/l7jkbssJVsRhVDs07IdDq7h9KHswZOgItnwJAgtVtQ==
  dependencies:
    "@vue/compiler-dom" "3.2.37"
    "@vue/compiler-sfc" "3.2.37"
    "@vue/runtime-dom" "3.2.37"
    "@vue/server-renderer" "3.2.37"
    "@vue/shared" "3.2.37"
